
Microsoft Visual Studio Solution File, Format Version 12.00
Project("{FAE04EC0-301F-11D3-BF4B-00C04F79EFBC}") = "Polymorphism", "Polymorphism\Polymorphism.csproj", "{C4226153-B677-4BA2-821B-968C398C3FD8}"
EndProject
Project("{FAE04EC0-301F-11D3-BF4B-00C04F79EFBC}") = "Traffic", "Traffic\Traffic.csproj", "{35E67556-234C-4D11-88EF-2DDCEEA07A80}"
EndProject
Project("{FAE04EC0-301F-11D3-BF4B-00C04F79EFBC}") = "DoctorsWaitingRoom", "DoctorsWaitingRoom\DoctorsWaitingRoom.csproj", "{35F2B7A0-E1AF-4702-A958-B10CFD153834}"
EndProject
Project("{2150E333-8FDC-42A3-9474-1A3956D46DE8}") = "DelegatesPredicates", "DelegatesPredicates", "{6B0689A5-349E-439E-9BFA-5B252E60B83E}"
EndProject
Project("{2150E333-8FDC-42A3-9474-1A3956D46DE8}") = "Introduction", "Introduction", "{1DC52B6C-3F81-4243-9A56-1E79FD5D6A9A}"
EndProject
Project("{2150E333-8FDC-42A3-9474-1A3956D46DE8}") = "AsyncAwait", "AsyncAwait", "{8D274062-AD47-40A9-A2A6-72E5109415E1}"
EndProject
Project("{FAE04EC0-301F-11D3-BF4B-00C04F79EFBC}") = "JSonIntro", "JSonIntro\JSonIntro.csproj", "{BED8274B-A62D-49AA-8B69-67697B4C83E0}"
EndProject
Project("{FAE04EC0-301F-11D3-BF4B-00C04F79EFBC}") = "EchoServer", "EchoServer\EchoServer.csproj", "{D83FCC6E-D46A-406B-9664-57DF0CF39248}"
EndProject
Project("{FAE04EC0-301F-11D3-BF4B-00C04F79EFBC}") = "EchoServerClient", "EchoServerClient\EchoServerClient.csproj", "{FD1D4123-4C85-457A-AE76-344DEC741888}"
EndProject
Project("{2150E333-8FDC-42A3-9474-1A3956D46DE8}") = "Echo", "Echo", "{C0CA3D86-12C5-412A-ACB3-9136CA1F568B}"
EndProject
Project("{FAE04EC0-301F-11D3-BF4B-00C04F79EFBC}") = "BirdWatcher", "BirdWatcher\BirdWatcher.csproj", "{0E60BD7C-D88E-4B13-9B19-621CFDD502EF}"
EndProject
Project("{2150E333-8FDC-42A3-9474-1A3956D46DE8}") = "Multithreading", "Multithreading", "{5D199B36-F284-472A-8D46-367798029C56}"
EndProject
Project("{FAE04EC0-301F-11D3-BF4B-00C04F79EFBC}") = "Server", "Server\Server.csproj", "{4410406C-883C-40D4-AF51-6CC6475FA148}"
EndProject
Project("{FAE04EC0-301F-11D3-BF4B-00C04F79EFBC}") = "Client", "Client\Client.csproj", "{D8C3F01E-67A4-4764-9BE9-A0531CB9F5A5}"
EndProject
Project("{2150E333-8FDC-42A3-9474-1A3956D46DE8}") = "ChallengeExercise", "ChallengeExercise", "{2BBABB88-B9A0-458F-AC86-878CD9D30F4E}"
EndProject
Project("{FAE04EC0-301F-11D3-BF4B-00C04F79EFBC}") = "Palindrome", "Palindrome\Palindrome.csproj", "{6EC130C2-0559-489F-B4F2-83731769E3A9}"
EndProject
Project("{FAE04EC0-301F-11D3-BF4B-00C04F79EFBC}") = "KthLargestNumber", "KthLargestNumber\KthLargestNumber.csproj", "{75B9F32C-DD84-4534-91E9-24CE9C7A8976}"
EndProject
Global
	GlobalSection(SolutionConfigurationPlatforms) = preSolution
		Debug|Any CPU = Debug|Any CPU
		Release|Any CPU = Release|Any CPU
	EndGlobalSection
	GlobalSection(ProjectConfigurationPlatforms) = postSolution
		{C4226153-B677-4BA2-821B-968C398C3FD8}.Debug|Any CPU.ActiveCfg = Debug|Any CPU
		{C4226153-B677-4BA2-821B-968C398C3FD8}.Debug|Any CPU.Build.0 = Debug|Any CPU
		{C4226153-B677-4BA2-821B-968C398C3FD8}.Release|Any CPU.ActiveCfg = Release|Any CPU
		{C4226153-B677-4BA2-821B-968C398C3FD8}.Release|Any CPU.Build.0 = Release|Any CPU
		{35E67556-234C-4D11-88EF-2DDCEEA07A80}.Debug|Any CPU.ActiveCfg = Debug|Any CPU
		{35E67556-234C-4D11-88EF-2DDCEEA07A80}.Debug|Any CPU.Build.0 = Debug|Any CPU
		{35E67556-234C-4D11-88EF-2DDCEEA07A80}.Release|Any CPU.ActiveCfg = Release|Any CPU
		{35E67556-234C-4D11-88EF-2DDCEEA07A80}.Release|Any CPU.Build.0 = Release|Any CPU
		{35F2B7A0-E1AF-4702-A958-B10CFD153834}.Debug|Any CPU.ActiveCfg = Debug|Any CPU
		{35F2B7A0-E1AF-4702-A958-B10CFD153834}.Debug|Any CPU.Build.0 = Debug|Any CPU
		{35F2B7A0-E1AF-4702-A958-B10CFD153834}.Release|Any CPU.ActiveCfg = Release|Any CPU
		{35F2B7A0-E1AF-4702-A958-B10CFD153834}.Release|Any CPU.Build.0 = Release|Any CPU
		{BED8274B-A62D-49AA-8B69-67697B4C83E0}.Debug|Any CPU.ActiveCfg = Debug|Any CPU
		{BED8274B-A62D-49AA-8B69-67697B4C83E0}.Debug|Any CPU.Build.0 = Debug|Any CPU
		{BED8274B-A62D-49AA-8B69-67697B4C83E0}.Release|Any CPU.ActiveCfg = Release|Any CPU
		{BED8274B-A62D-49AA-8B69-67697B4C83E0}.Release|Any CPU.Build.0 = Release|Any CPU
		{D83FCC6E-D46A-406B-9664-57DF0CF39248}.Debug|Any CPU.ActiveCfg = Debug|Any CPU
		{D83FCC6E-D46A-406B-9664-57DF0CF39248}.Debug|Any CPU.Build.0 = Debug|Any CPU
		{D83FCC6E-D46A-406B-9664-57DF0CF39248}.Release|Any CPU.ActiveCfg = Release|Any CPU
		{D83FCC6E-D46A-406B-9664-57DF0CF39248}.Release|Any CPU.Build.0 = Release|Any CPU
		{FD1D4123-4C85-457A-AE76-344DEC741888}.Debug|Any CPU.ActiveCfg = Debug|Any CPU
		{FD1D4123-4C85-457A-AE76-344DEC741888}.Debug|Any CPU.Build.0 = Debug|Any CPU
		{FD1D4123-4C85-457A-AE76-344DEC741888}.Release|Any CPU.ActiveCfg = Release|Any CPU
		{FD1D4123-4C85-457A-AE76-344DEC741888}.Release|Any CPU.Build.0 = Release|Any CPU
		{0E60BD7C-D88E-4B13-9B19-621CFDD502EF}.Debug|Any CPU.ActiveCfg = Debug|Any CPU
		{0E60BD7C-D88E-4B13-9B19-621CFDD502EF}.Debug|Any CPU.Build.0 = Debug|Any CPU
		{0E60BD7C-D88E-4B13-9B19-621CFDD502EF}.Release|Any CPU.ActiveCfg = Release|Any CPU
		{0E60BD7C-D88E-4B13-9B19-621CFDD502EF}.Release|Any CPU.Build.0 = Release|Any CPU
		{4410406C-883C-40D4-AF51-6CC6475FA148}.Debug|Any CPU.ActiveCfg = Debug|Any CPU
		{4410406C-883C-40D4-AF51-6CC6475FA148}.Debug|Any CPU.Build.0 = Debug|Any CPU
		{4410406C-883C-40D4-AF51-6CC6475FA148}.Release|Any CPU.ActiveCfg = Release|Any CPU
		{4410406C-883C-40D4-AF51-6CC6475FA148}.Release|Any CPU.Build.0 = Release|Any CPU
		{D8C3F01E-67A4-4764-9BE9-A0531CB9F5A5}.Debug|Any CPU.ActiveCfg = Debug|Any CPU
		{D8C3F01E-67A4-4764-9BE9-A0531CB9F5A5}.Debug|Any CPU.Build.0 = Debug|Any CPU
		{D8C3F01E-67A4-4764-9BE9-A0531CB9F5A5}.Release|Any CPU.ActiveCfg = Release|Any CPU
		{D8C3F01E-67A4-4764-9BE9-A0531CB9F5A5}.Release|Any CPU.Build.0 = Release|Any CPU
		{6EC130C2-0559-489F-B4F2-83731769E3A9}.Debug|Any CPU.ActiveCfg = Debug|Any CPU
		{6EC130C2-0559-489F-B4F2-83731769E3A9}.Debug|Any CPU.Build.0 = Debug|Any CPU
		{6EC130C2-0559-489F-B4F2-83731769E3A9}.Release|Any CPU.ActiveCfg = Release|Any CPU
		{6EC130C2-0559-489F-B4F2-83731769E3A9}.Release|Any CPU.Build.0 = Release|Any CPU
		{75B9F32C-DD84-4534-91E9-24CE9C7A8976}.Debug|Any CPU.ActiveCfg = Debug|Any CPU
		{75B9F32C-DD84-4534-91E9-24CE9C7A8976}.Debug|Any CPU.Build.0 = Debug|Any CPU
		{75B9F32C-DD84-4534-91E9-24CE9C7A8976}.Release|Any CPU.ActiveCfg = Release|Any CPU
		{75B9F32C-DD84-4534-91E9-24CE9C7A8976}.Release|Any CPU.Build.0 = Release|Any CPU
	EndGlobalSection
	GlobalSection(NestedProjects) = preSolution
		{35F2B7A0-E1AF-4702-A958-B10CFD153834} = {6B0689A5-349E-439E-9BFA-5B252E60B83E}
		{C4226153-B677-4BA2-821B-968C398C3FD8} = {6B0689A5-349E-439E-9BFA-5B252E60B83E}
		{35E67556-234C-4D11-88EF-2DDCEEA07A80} = {6B0689A5-349E-439E-9BFA-5B252E60B83E}
		{BED8274B-A62D-49AA-8B69-67697B4C83E0} = {8D274062-AD47-40A9-A2A6-72E5109415E1}
		{C0CA3D86-12C5-412A-ACB3-9136CA1F568B} = {8D274062-AD47-40A9-A2A6-72E5109415E1}
		{D83FCC6E-D46A-406B-9664-57DF0CF39248} = {C0CA3D86-12C5-412A-ACB3-9136CA1F568B}
		{FD1D4123-4C85-457A-AE76-344DEC741888} = {C0CA3D86-12C5-412A-ACB3-9136CA1F568B}
		{0E60BD7C-D88E-4B13-9B19-621CFDD502EF} = {6B0689A5-349E-439E-9BFA-5B252E60B83E}
		{5D199B36-F284-472A-8D46-367798029C56} = {8D274062-AD47-40A9-A2A6-72E5109415E1}
		{4410406C-883C-40D4-AF51-6CC6475FA148} = {5D199B36-F284-472A-8D46-367798029C56}
		{D8C3F01E-67A4-4764-9BE9-A0531CB9F5A5} = {5D199B36-F284-472A-8D46-367798029C56}
		{2BBABB88-B9A0-458F-AC86-878CD9D30F4E} = {6B0689A5-349E-439E-9BFA-5B252E60B83E}
		{6EC130C2-0559-489F-B4F2-83731769E3A9} = {2BBABB88-B9A0-458F-AC86-878CD9D30F4E}
		{75B9F32C-DD84-4534-91E9-24CE9C7A8976} = {2BBABB88-B9A0-458F-AC86-878CD9D30F4E}
	EndGlobalSection
EndGlobal
